# This file is automatically @generated by Cargo.
# It is not intended for manual editing.
version = 4

[[package]]
name = "ph-eventing"
version = "0.3.0"
dependencies = [
 "portable-atomic",
]

[[package]]
name = "ph-eventing-codesize"
version = "0.0.0"
dependencies = [
 "ph-eventing",
]

[[package]]
name = "portable-atomic"
version = "1.15.0"
source = "registry+https://github.com/rust-lang/crates.io-index"
checksum = "05c8b63e8d9609db387f0324918f81d68fe27748f084ef092fb35954d0539a85"
